
Microsoft Visual Studio Solution File, Format Version 12.00
# Visual Studio Version 17
VisualStudioVersion = 17.11.35312.102
MinimumVisualStudioVersion = 10.0.40219.1
Project("{FAE04EC0-301F-11D3-BF4B-00C04F79EFBC}") = "maxValue2", "maxValue2\maxValue2.csproj", "{9031CD41-27FC-4E16-8632-6C152EA150F8}"
EndProject
Global
	GlobalSection(SolutionConfigurationPlatforms) = preSolution
		Debug|Any CPU = Debug|Any CPU
		Release|Any CPU = Release|Any CPU
	EndGlobalSection
	GlobalSection(ProjectConfigurationPlatforms) = postSolution
		{9031CD41-27FC-4E16-8632-6C152EA150F8}.Debug|Any CPU.ActiveCfg = Debug|Any CPU
		{9031CD41-27FC-4E16-8632-6C152EA150F8}.Debug|Any CPU.Build.0 = Debug|Any CPU
		{9031CD41-27FC-4E16-8632-6C152EA150F8}.Release|Any CPU.ActiveCfg = Release|Any CPU
		{9031CD41-27FC-4E16-8632-6C152EA150F8}.Release|Any CPU.Build.0 = Release|Any CPU
	EndGlobalSection
	GlobalSection(SolutionProperties) = preSolution
		HideSolutionNode = FALSE
	EndGlobalSection
	GlobalSection(ExtensibilityGlobals) = postSolution
		SolutionGuid = {BAEA7CE8-79C8-47E1-A487-D007FDB0FC84}
	EndGlobalSection
EndGlobal
